// !$*UTF8*$!
{
	archiveVersion = 1;
	classes = {
	};
	objectVersion = 46;
	objects = {

/* Begin PBXFileReference section */
		8526C751135328ED00D8FFF9 /* thread_rt.h */ = {isa = PBXFileReference; fileEncoding = 4; lastKnownFileType = sourcecode.c.h; name = thread_rt.h; path = src/thread_rt.h; sourceTree = SOURCE_ROOT; };
		8526C753135328F400D8FFF9 /* thread_rt.c */ = {isa = PBXFileReference; fileEncoding = 4; lastKnownFileType = sourcecode.c.c; path = thread_rt.c; sourceTree = "<group>"; };
		8526C7541353291C00D8FFF9 /* thread_rt.c */ = {isa = PBXFileReference; fileEncoding = 4; lastKnownFileType = sourcecode.c.c; name = thread_rt.c; path = src/windows/thread_rt.c; sourceTree = SOURCE_ROOT; };
		8567859F1328B71F00670E1E /* pthread_workqueue.h */ = {isa = PBXFileReference; fileEncoding = 4; lastKnownFileType = sourcecode.c.h; path = pthread_workqueue.h; sourceTree = "<group>"; };
		856785A11328B71F00670E1E /* witem_cache.c */ = {isa = PBXFileReference; fileEncoding = 4; lastKnownFileType = sourcecode.c.c; path = witem_cache.c; sourceTree = "<group>"; };
		856785A21328B71F00670E1E /* api.c */ = {isa = PBXFileReference; fileEncoding = 4; lastKnownFileType = sourcecode.c.c; path = api.c; sourceTree = "<group>"; };
		856785A41328B71F00670E1E /* private.h */ = {isa = PBXFileReference; fileEncoding = 4; lastKnownFileType = sourcecode.c.h; path = private.h; sourceTree = "<group>"; };
		856785A51328B71F00670E1E /* debug.h */ = {isa = PBXFileReference; fileEncoding = 4; lastKnownFileType = sourcecode.c.h; path = debug.h; sourceTree = "<group>"; };
		856785A71328B71F00670E1E /* thread_info.c */ = {isa = PBXFileReference; fileEncoding = 4; lastKnownFileType = sourcecode.c.c; path = thread_info.c; sourceTree = "<group>"; };
		856785AA1328B71F00670E1E /* manager.c */ = {isa = PBXFileReference; fileEncoding = 4; lastKnownFileType = sourcecode.c.c; path = manager.c; sourceTree = "<group>"; };
		856785AB1328B71F00670E1E /* platform.h */ = {isa = PBXFileReference; fileEncoding = 4; lastKnownFileType = sourcecode.c.h; path = platform.h; sourceTree = "<group>"; };
		856785AC1328B71F00670E1E /* thread_info.h */ = {isa = PBXFileReference; fileEncoding = 4; lastKnownFileType = sourcecode.c.h; path = thread_info.h; sourceTree = "<group>"; };
		856785AF1328B71F00670E1E /* platform.h */ = {isa = PBXFileReference; fileEncoding = 4; lastKnownFileType = sourcecode.c.h; path = platform.h; sourceTree = "<group>"; };
		856785B01328B71F00670E1E /* queue.h */ = {isa = PBXFileReference; fileEncoding = 4; lastKnownFileType = sourcecode.c.h; path = queue.h; sourceTree = "<group>"; };
		856785B11328B71F00670E1E /* manager.c */ = {isa = PBXFileReference; fileEncoding = 4; lastKnownFileType = sourcecode.c.c; path = manager.c; sourceTree = "<group>"; };
		856785B21328B71F00670E1E /* thread_info.c */ = {isa = PBXFileReference; fileEncoding = 4; lastKnownFileType = sourcecode.c.c; path = thread_info.c; sourceTree = "<group>"; };
		856785B41328B71F00670E1E /* Makefile */ = {isa = PBXFileReference; fileEncoding = 4; lastKnownFileType = sourcecode.make; path = Makefile; sourceTree = "<group>"; };
		856785B61328B71F00670E1E /* latency.h */ = {isa = PBXFileReference; fileEncoding = 4; lastKnownFileType = sourcecode.c.h; path = latency.h; sourceTree = "<group>"; };
		856785B81328B71F00670E1E /* Makefile */ = {isa = PBXFileReference; fileEncoding = 4; lastKnownFileType = sourcecode.make; path = Makefile; sourceTree = "<group>"; };
		856785B91328B71F00670E1E /* latency.c */ = {isa = PBXFileReference; fileEncoding = 4; lastKnownFileType = sourcecode.c.c; path = latency.c; sourceTree = "<group>"; };
		856785BB1328B71F00670E1E /* test.c */ = {isa = PBXFileReference; fileEncoding = 4; lastKnownFileType = sourcecode.c.c; path = test.c; sourceTree = "<group>"; };
		856785BC1328B71F00670E1E /* Makefile */ = {isa = PBXFileReference; fileEncoding = 4; lastKnownFileType = sourcecode.make; path = Makefile; sourceTree = "<group>"; };
		856785BE1328B71F00670E1E /* Makefile */ = {isa = PBXFileReference; fileEncoding = 4; lastKnownFileType = sourcecode.make; path = Makefile; sourceTree = "<group>"; };
		856785BF1328B71F00670E1E /* test.c */ = {isa = PBXFileReference; fileEncoding = 4; lastKnownFileType = sourcecode.c.c; path = test.c; sourceTree = "<group>"; };
		856785C11328B71F00670E1E /* dispatch_api.c */ = {isa = PBXFileReference; fileEncoding = 4; lastKnownFileType = sourcecode.c.c; path = dispatch_api.c; sourceTree = "<group>"; };
		856785C21328B71F00670E1E /* Makefile */ = {isa = PBXFileReference; fileEncoding = 4; lastKnownFileType = sourcecode.make; path = Makefile; sourceTree = "<group>"; };
/* End PBXFileReference section */

/* Begin PBXGroup section */
		8536BD0B1328B6ED00DD6906 = {
			isa = PBXGroup;
			children = (
				8567859E1328B71F00670E1E /* include */,
				856785A01328B71F00670E1E /* src */,
				856785B31328B71F00670E1E /* testing */,
			);
			sourceTree = "<group>";
		};
		8567859E1328B71F00670E1E /* include */ = {
			isa = PBXGroup;
			children = (
				8567859F1328B71F00670E1E /* pthread_workqueue.h */,
			);
			path = include;
			sourceTree = "<group>";
		};
		856785A01328B71F00670E1E /* src */ = {
			isa = PBXGroup;
			children = (
				856785A11328B71F00670E1E /* witem_cache.c */,
				856785A21328B71F00670E1E /* api.c */,
				856785A41328B71F00670E1E /* private.h */,
				856785A51328B71F00670E1E /* debug.h */,
				8526C751135328ED00D8FFF9 /* thread_rt.h */,
				856785AC1328B71F00670E1E /* thread_info.h */,
				856785A61328B71F00670E1E /* posix */,
				856785AE1328B71F00670E1E /* windows */,
			);
			path = src;
			sourceTree = "<group>";
		};
		856785A61328B71F00670E1E /* posix */ = {
			isa = PBXGroup;
			children = (
				856785AB1328B71F00670E1E /* platform.h */,
				856785AA1328B71F00670E1E /* manager.c */,
				856785A71328B71F00670E1E /* thread_info.c */,
				8526C753135328F400D8FFF9 /* thread_rt.c */,
			);
			path = posix;
			sourceTree = "<group>";
		};
		856785AE1328B71F00670E1E /* windows */ = {
			isa = PBXGroup;
			children = (
				856785AF1328B71F00670E1E /* platform.h */,
				856785B01328B71F00670E1E /* queue.h */,
				856785B11328B71F00670E1E /* manager.c */,
				856785B21328B71F00670E1E /* thread_info.c */,
				8526C7541353291C00D8FFF9 /* thread_rt.c */,
			);
			path = windows;
			sourceTree = "<group>";
		};
		856785B31328B71F00670E1E /* testing */ = {
			isa = PBXGroup;
			children = (
				856785B41328B71F00670E1E /* Makefile */,
				856785B51328B71F00670E1E /* latency */,
				856785BA1328B71F00670E1E /* api */,
				856785BD1328B71F00670E1E /* witem_cache */,
				856785C01328B71F00670E1E /* libdispatch */,
			);
			path = testing;
			sourceTree = "<group>";
		};
		856785B51328B71F00670E1E /* latency */ = {
			isa = PBXGroup;
			children = (
				856785B61328B71F00670E1E /* latency.h */,
				856785B81328B71F00670E1E /* Makefile */,
				856785B91328B71F00670E1E /* latency.c */,
			);
			path = latency;
			sourceTree = "<group>";
		};
		856785BA1328B71F00670E1E /* api */ = {
			isa = PBXGroup;
			children = (
				856785BB1328B71F00670E1E /* test.c */,
				856785BC1328B71F00670E1E /* Makefile */,
			);
			path = api;
			sourceTree = "<group>";
		};
		856785BD1328B71F00670E1E /* witem_cache */ = {
			isa = PBXGroup;
			children = (
				856785BE1328B71F00670E1E /* Makefile */,
				856785BF1328B71F00670E1E /* test.c */,
			);
			path = witem_cache;
			sourceTree = "<group>";
		};
		856785C01328B71F00670E1E /* libdispatch */ = {
			isa = PBXGroup;
			children = (
				856785C11328B71F00670E1E /* dispatch_api.c */,
				856785C21328B71F00670E1E /* Makefile */,
			);
			path = libdispatch;
			sourceTree = "<group>";
		};
/* End PBXGroup section */

/* Begin PBXLegacyTarget section */
		8536BD121328B6ED00DD6906 /* libpthread_workqueue */ = {
			isa = PBXLegacyTarget;
			buildArgumentsString = "$(ACTION)";
			buildConfigurationList = 8536BD151328B6ED00DD6906 /* Build configuration list for PBXLegacyTarget "libpthread_workqueue" */;
			buildPhases = (
			);
			buildToolPath = /usr/bin/make;
			dependencies = (
			);
			name = libpthread_workqueue;
			passBuildSettingsInEnvironment = 1;
			productName = libpthread_workqueue;
		};
/* End PBXLegacyTarget section */

/* Begin PBXProject section */
		8536BD0D1328B6ED00DD6906 /* Project object */ = {
			isa = PBXProject;
			attributes = {
				ORGANIZATIONNAME = Tbricks;
			};
			buildConfigurationList = 8536BD101328B6ED00DD6906 /* Build configuration list for PBXProject "libpthread_workqueue" */;
			compatibilityVersion = "Xcode 3.2";
			developmentRegion = English;
			hasScannedForEncodings = 0;
			knownRegions = (
				en,
			);
			mainGroup = 8536BD0B1328B6ED00DD6906;
			projectDirPath = "";
			projectRoot = "";
			targets = (
				8536BD121328B6ED00DD6906 /* libpthread_workqueue */,
			);
		};
/* End PBXProject section */

/* Begin XCBuildConfiguration section */
		8536BD131328B6ED00DD6906 /* Debug */ = {
			isa = XCBuildConfiguration;
			buildSettings = {
				ARCHS = "$(ARCHS_STANDARD_32_64_BIT)";
				GCC_C_LANGUAGE_STANDARD = gnu99;
				GCC_OPTIMIZATION_LEVEL = 0;
				GCC_PREPROCESSOR_DEFINITIONS = DEBUG;
				GCC_SYMBOLS_PRIVATE_EXTERN = NO;
				GCC_VERSION = com.apple.compilers.llvm.clang.1_0;
				GCC_WARN_64_TO_32_BIT_CONVERSION = YES;
				GCC_WARN_ABOUT_RETURN_TYPE = YES;
				GCC_WARN_UNUSED_VARIABLE = YES;
				MACOSX_DEPLOYMENT_TARGET = 10.6;
				ONLY_ACTIVE_ARCH = YES;
				SDKROOT = macosx;
			};
			name = Debug;
		};
		8536BD141328B6ED00DD6906 /* Release */ = {
			isa = XCBuildConfiguration;
			buildSettings = {
				ARCHS = "$(ARCHS_STANDARD_32_64_BIT)";
				GCC_C_LANGUAGE_STANDARD = gnu99;
				GCC_VERSION = com.apple.compilers.llvm.clang.1_0;
				GCC_WARN_64_TO_32_BIT_CONVERSION = YES;
				GCC_WARN_ABOUT_RETURN_TYPE = YES;
				GCC_WARN_UNUSED_VARIABLE = YES;
				MACOSX_DEPLOYMENT_TARGET = 10.6;
				SDKROOT = macosx;
			};
			name = Release;
		};
		8536BD161328B6ED00DD6906 /* Debug */ = {
			isa = XCBuildConfiguration;
			buildSettings = {
				ALWAYS_SEARCH_USER_PATHS = NO;
				COPY_PHASE_STRIP = NO;
				DEBUGGING_SYMBOLS = YES;
				GCC_DYNAMIC_NO_PIC = NO;
				GCC_ENABLE_OBJC_EXCEPTIONS = YES;
				GCC_GENERATE_DEBUGGING_SYMBOLS = YES;
				GCC_OPTIMIZATION_LEVEL = 0;
				OTHER_CFLAGS = "";
				OTHER_LDFLAGS = "";
				PRODUCT_NAME = "$(TARGET_NAME)";
			};
			name = Debug;
		};
		8536BD171328B6ED00DD6906 /* Release */ = {
			isa = XCBuildConfiguration;
			buildSettings = {
				ALWAYS_SEARCH_USER_PATHS = NO;
				COPY_PHASE_STRIP = YES;
				DEBUG_INFORMATION_FORMAT = "dwarf-with-dsym";
				GCC_ENABLE_OBJC_EXCEPTIONS = YES;
				OTHER_CFLAGS = "";
				OTHER_LDFLAGS = "";
				PRODUCT_NAME = "$(TARGET_NAME)";
			};
			name = Release;
		};
/* End XCBuildConfiguration section */

/* Begin XCConfigurationList section */
		8536BD101328B6ED00DD6906 /* Build configuration list for PBXProject "libpthread_workqueue" */ = {
			isa = XCConfigurationList;
			buildConfigurations = (
				8536BD131328B6ED00DD6906 /* Debug */,
				8536BD141328B6ED00DD6906 /* Release */,
			);
			defaultConfigurationIsVisible = 0;
			defaultConfigurationName = Release;
		};
		8536BD151328B6ED00DD6906 /* Build configuration list for PBXLegacyTarget "libpthread_workqueue" */ = {
			isa = XCConfigurationList;
			buildConfigurations = (
				8536BD161328B6ED00DD6906 /* Debug */,
				8536BD171328B6ED00DD6906 /* Release */,
			);
			defaultConfigurationIsVisible = 0;
			defaultConfigurationName = Release;
		};
/* End XCConfigurationList section */
	};
	rootObject = 8536BD0D1328B6ED00DD6906 /* Project object */;
}
